
Microsoft Visual Studio Solution File, Format Version 12.00
# Visual Studio Version 17
VisualStudioVersion = 17.0.32014.148
MinimumVisualStudioVersion = 10.0.40219.1
Project("{8BC9CEB8-8B4A-11D0-8D11-00A0C91BC942}") = "AlgorithmClasses", "AlgorithmClasses\AlgorithmClasses.vcxproj", "{DA5AFF76-3884-411F-A1D7-5F8480177F87}"
EndProject
Project("{8BC9CEB8-8B4A-11D0-8D11-00A0C91BC942}") = "select_sort", "select_sort\select_sort.vcxproj", "{363B7AE3-1979-4D85-9C3E-0D032BBBC14C}"
EndProject
Project("{9A19103F-16F7-4668-BE54-9A1E7A4F7556}") = "select_sort_CSharp", "select_sort_CSharp\select_sort_CSharp.csproj", "{C2227C78-C848-487C-B553-A46997E7B625}"
EndProject
Project("{8BC9CEB8-8B4A-11D0-8D11-00A0C91BC942}") = "insertion_sort", "insertion_sort\insertion_sort.vcxproj", "{D31F2D3D-C236-44E1-8E86-DB2FE41F2FCC}"
EndProject
Project("{9A19103F-16F7-4668-BE54-9A1E7A4F7556}") = "insertion_sort_CSharp", "insertion_sort_CSharp\insertion_sort_CSharp.csproj", "{4B876969-ABA5-47DC-A756-D0FCE3EC09A8}"
EndProject
Project("{8BC9CEB8-8B4A-11D0-8D11-00A0C91BC942}") = "Shell_sort", "Shell_sort\Shell_sort.vcxproj", "{1D38D0DF-724E-438E-9291-691C4FA0CD24}"
EndProject
Project("{9A19103F-16F7-4668-BE54-9A1E7A4F7556}") = "Shell_sort_CSharp", "Shell_sort_CSharp\Shell_sort_CSharp.csproj", "{5E3D4F28-7BFE-4838-B1A3-1FDA91004A65}"
EndProject
Project("{8BC9CEB8-8B4A-11D0-8D11-00A0C91BC942}") = "binary_search", "binary_search\binary_search.vcxproj", "{F6B6C2B3-9162-412D-A20B-77354CF0D290}"
EndProject
Project("{8BC9CEB8-8B4A-11D0-8D11-00A0C91BC942}") = "quick_sort", "quick_sort\quick_sort.vcxproj", "{511B1F9D-AD99-4896-B926-6EBB81AEC4B8}"
EndProject
Project("{9A19103F-16F7-4668-BE54-9A1E7A4F7556}") = "quick_sort_CSharp", "quick_sort_CSharp\quick_sort_CSharp.csproj", "{A7CC7F24-8E77-420F-AFB6-41656E93024F}"
EndProject
Project("{9A19103F-16F7-4668-BE54-9A1E7A4F7556}") = "Merge_sort", "Merge_sort\Merge_sort.csproj", "{ACDF8123-938A-40B4-ADFD-85E05BE55F4A}"
EndProject
Project("{9A19103F-16F7-4668-BE54-9A1E7A4F7556}") = "BinaryTree", "BinaryTree\BinaryTree.csproj", "{6767792A-1E06-44E1-8A2A-399761D5EBC5}"
EndProject
Project("{FAE04EC0-301F-11D3-BF4B-00C04F79EFBC}") = "heapSort", "heapSort\heapSort.csproj", "{A6B8A4E8-F4DF-47E2-866E-2B81BB6E2952}"
EndProject
Global
	GlobalSection(SolutionConfigurationPlatforms) = preSolution
		Debug|Any CPU = Debug|Any CPU
		Debug|x64 = Debug|x64
		Debug|x86 = Debug|x86
		Release|Any CPU = Release|Any CPU
		Release|x64 = Release|x64
		Release|x86 = Release|x86
	EndGlobalSection
	GlobalSection(ProjectConfigurationPlatforms) = postSolution
		{DA5AFF76-3884-411F-A1D7-5F8480177F87}.Debug|Any CPU.ActiveCfg = Debug|x64
		{DA5AFF76-3884-411F-A1D7-5F8480177F87}.Debug|Any CPU.Build.0 = Debug|x64
		{DA5AFF76-3884-411F-A1D7-5F8480177F87}.Debug|x64.ActiveCfg = Debug|x64
		{DA5AFF76-3884-411F-A1D7-5F8480177F87}.Debug|x64.Build.0 = Debug|x64
		{DA5AFF76-3884-411F-A1D7-5F8480177F87}.Debug|x86.ActiveCfg = Debug|Win32
		{DA5AFF76-3884-411F-A1D7-5F8480177F87}.Debug|x86.Build.0 = Debug|Win32
		{DA5AFF76-3884-411F-A1D7-5F8480177F87}.Release|Any CPU.ActiveCfg = Release|x64
		{DA5AFF76-3884-411F-A1D7-5F8480177F87}.Release|Any CPU.Build.0 = Release|x64
		{DA5AFF76-3884-411F-A1D7-5F8480177F87}.Release|x64.ActiveCfg = Release|x64
		{DA5AFF76-3884-411F-A1D7-5F8480177F87}.Release|x64.Build.0 = Release|x64
		{DA5AFF76-3884-411F-A1D7-5F8480177F87}.Release|x86.ActiveCfg = Release|Win32
		{DA5AFF76-3884-411F-A1D7-5F8480177F87}.Release|x86.Build.0 = Release|Win32
		{363B7AE3-1979-4D85-9C3E-0D032BBBC14C}.Debug|Any CPU.ActiveCfg = Debug|x64
		{363B7AE3-1979-4D85-9C3E-0D032BBBC14C}.Debug|Any CPU.Build.0 = Debug|x64
		{363B7AE3-1979-4D85-9C3E-0D032BBBC14C}.Debug|x64.ActiveCfg = Debug|x64
		{363B7AE3-1979-4D85-9C3E-0D032BBBC14C}.Debug|x64.Build.0 = Debug|x64
		{363B7AE3-1979-4D85-9C3E-0D032BBBC14C}.Debug|x86.ActiveCfg = Debug|Win32
		{363B7AE3-1979-4D85-9C3E-0D032BBBC14C}.Debug|x86.Build.0 = Debug|Win32
		{363B7AE3-1979-4D85-9C3E-0D032BBBC14C}.Release|Any CPU.ActiveCfg = Release|x64
		{363B7AE3-1979-4D85-9C3E-0D032BBBC14C}.Release|Any CPU.Build.0 = Release|x64
		{363B7AE3-1979-4D85-9C3E-0D032BBBC14C}.Release|x64.ActiveCfg = Release|x64
		{363B7AE3-1979-4D85-9C3E-0D032BBBC14C}.Release|x64.Build.0 = Release|x64
		{363B7AE3-1979-4D85-9C3E-0D032BBBC14C}.Release|x86.ActiveCfg = Release|Win32
		{363B7AE3-1979-4D85-9C3E-0D032BBBC14C}.Release|x86.Build.0 = Release|Win32
		{C2227C78-C848-487C-B553-A46997E7B625}.Debug|Any CPU.ActiveCfg = Debug|Any CPU
		{C2227C78-C848-487C-B553-A46997E7B625}.Debug|Any CPU.Build.0 = Debug|Any CPU
		{C2227C78-C848-487C-B553-A46997E7B625}.Debug|x64.ActiveCfg = Debug|Any CPU
		{C2227C78-C848-487C-B553-A46997E7B625}.Debug|x64.Build.0 = Debug|Any CPU
		{C2227C78-C848-487C-B553-A46997E7B625}.Debug|x86.ActiveCfg = Debug|Any CPU
		{C2227C78-C848-487C-B553-A46997E7B625}.Debug|x86.Build.0 = Debug|Any CPU
		{C2227C78-C848-487C-B553-A46997E7B625}.Release|Any CPU.ActiveCfg = Release|Any CPU
		{C2227C78-C848-487C-B553-A46997E7B625}.Release|Any CPU.Build.0 = Release|Any CPU
		{C2227C78-C848-487C-B553-A46997E7B625}.Release|x64.ActiveCfg = Release|Any CPU
		{C2227C78-C848-487C-B553-A46997E7B625}.Release|x64.Build.0 = Release|Any CPU
		{C2227C78-C848-487C-B553-A46997E7B625}.Release|x86.ActiveCfg = Release|Any CPU
		{C2227C78-C848-487C-B553-A46997E7B625}.Release|x86.Build.0 = Release|Any CPU
		{D31F2D3D-C236-44E1-8E86-DB2FE41F2FCC}.Debug|Any CPU.ActiveCfg = Debug|x64
		{D31F2D3D-C236-44E1-8E86-DB2FE41F2FCC}.Debug|Any CPU.Build.0 = Debug|x64
		{D31F2D3D-C236-44E1-8E86-DB2FE41F2FCC}.Debug|x64.ActiveCfg = Debug|x64
		{D31F2D3D-C236-44E1-8E86-DB2FE41F2FCC}.Debug|x64.Build.0 = Debug|x64
		{D31F2D3D-C236-44E1-8E86-DB2FE41F2FCC}.Debug|x86.ActiveCfg = Debug|Win32
		{D31F2D3D-C236-44E1-8E86-DB2FE41F2FCC}.Debug|x86.Build.0 = Debug|Win32
		{D31F2D3D-C236-44E1-8E86-DB2FE41F2FCC}.Release|Any CPU.ActiveCfg = Release|x64
		{D31F2D3D-C236-44E1-8E86-DB2FE41F2FCC}.Release|Any CPU.Build.0 = Release|x64
		{D31F2D3D-C236-44E1-8E86-DB2FE41F2FCC}.Release|x64.ActiveCfg = Release|x64
		{D31F2D3D-C236-44E1-8E86-DB2FE41F2FCC}.Release|x64.Build.0 = Release|x64
		{D31F2D3D-C236-44E1-8E86-DB2FE41F2FCC}.Release|x86.ActiveCfg = Release|Win32
		{D31F2D3D-C236-44E1-8E86-DB2FE41F2FCC}.Release|x86.Build.0 = Release|Win32
		{4B876969-ABA5-47DC-A756-D0FCE3EC09A8}.Debug|Any CPU.ActiveCfg = Debug|Any CPU
		{4B876969-ABA5-47DC-A756-D0FCE3EC09A8}.Debug|Any CPU.Build.0 = Debug|Any CPU
		{4B876969-ABA5-47DC-A756-D0FCE3EC09A8}.Debug|x64.ActiveCfg = Debug|Any CPU
		{4B876969-ABA5-47DC-A756-D0FCE3EC09A8}.Debug|x64.Build.0 = Debug|Any CPU
		{4B876969-ABA5-47DC-A756-D0FCE3EC09A8}.Debug|x86.ActiveCfg = Debug|Any CPU
		{4B876969-ABA5-47DC-A756-D0FCE3EC09A8}.Debug|x86.Build.0 = Debug|Any CPU
		{4B876969-ABA5-47DC-A756-D0FCE3EC09A8}.Release|Any CPU.ActiveCfg = Release|Any CPU
		{4B876969-ABA5-47DC-A756-D0FCE3EC09A8}.Release|Any CPU.Build.0 = Release|Any CPU
		{4B876969-ABA5-47DC-A756-D0FCE3EC09A8}.Release|x64.ActiveCfg = Release|Any CPU
		{4B876969-ABA5-47DC-A756-D0FCE3EC09A8}.Release|x64.Build.0 = Release|Any CPU
		{4B876969-ABA5-47DC-A756-D0FCE3EC09A8}.Release|x86.ActiveCfg = Release|Any CPU
		{4B876969-ABA5-47DC-A756-D0FCE3EC09A8}.Release|x86.Build.0 = Release|Any CPU
		{1D38D0DF-724E-438E-9291-691C4FA0CD24}.Debug|Any CPU.ActiveCfg = Debug|x64
		{1D38D0DF-724E-438E-9291-691C4FA0CD24}.Debug|Any CPU.Build.0 = Debug|x64
		{1D38D0DF-724E-438E-9291-691C4FA0CD24}.Debug|x64.ActiveCfg = Debug|x64
		{1D38D0DF-724E-438E-9291-691C4FA0CD24}.Debug|x64.Build.0 = Debug|x64
		{1D38D0DF-724E-438E-9291-691C4FA0CD24}.Debug|x86.ActiveCfg = Debug|Win32
		{1D38D0DF-724E-438E-9291-691C4FA0CD24}.Debug|x86.Build.0 = Debug|Win32
		{1D38D0DF-724E-438E-9291-691C4FA0CD24}.Release|Any CPU.ActiveCfg = Release|x64
		{1D38D0DF-724E-438E-9291-691C4FA0CD24}.Release|Any CPU.Build.0 = Release|x64
		{1D38D0DF-724E-438E-9291-691C4FA0CD24}.Release|x64.ActiveCfg = Release|x64
		{1D38D0DF-724E-438E-9291-691C4FA0CD24}.Release|x64.Build.0 = Release|x64
		{1D38D0DF-724E-438E-9291-691C4FA0CD24}.Release|x86.ActiveCfg = Release|Win32
		{1D38D0DF-724E-438E-9291-691C4FA0CD24}.Release|x86.Build.0 = Release|Win32
		{5E3D4F28-7BFE-4838-B1A3-1FDA91004A65}.Debug|Any CPU.ActiveCfg = Debug|Any CPU
		{5E3D4F28-7BFE-4838-B1A3-1FDA91004A65}.Debug|Any CPU.Build.0 = Debug|Any CPU
		{5E3D4F28-7BFE-4838-B1A3-1FDA91004A65}.Debug|x64.ActiveCfg = Debug|Any CPU
		{5E3D4F28-7BFE-4838-B1A3-1FDA91004A65}.Debug|x64.Build.0 = Debug|Any CPU
		{5E3D4F28-7BFE-4838-B1A3-1FDA91004A65}.Debug|x86.ActiveCfg = Debug|Any CPU
		{5E3D4F28-7BFE-4838-B1A3-1FDA91004A65}.Debug|x86.Build.0 = Debug|Any CPU
		{5E3D4F28-7BFE-4838-B1A3-1FDA91004A65}.Release|Any CPU.ActiveCfg = Release|Any CPU
		{5E3D4F28-7BFE-4838-B1A3-1FDA91004A65}.Release|Any CPU.Build.0 = Release|Any CPU
		{5E3D4F28-7BFE-4838-B1A3-1FDA91004A65}.Release|x64.ActiveCfg = Release|Any CPU
		{5E3D4F28-7BFE-4838-B1A3-1FDA91004A65}.Release|x64.Build.0 = Release|Any CPU
		{5E3D4F28-7BFE-4838-B1A3-1FDA91004A65}.Release|x86.ActiveCfg = Release|Any CPU
		{5E3D4F28-7BFE-4838-B1A3-1FDA91004A65}.Release|x86.Build.0 = Release|Any CPU
		{F6B6C2B3-9162-412D-A20B-77354CF0D290}.Debug|Any CPU.ActiveCfg = Debug|x64
		{F6B6C2B3-9162-412D-A20B-77354CF0D290}.Debug|Any CPU.Build.0 = Debug|x64
		{F6B6C2B3-9162-412D-A20B-77354CF0D290}.Debug|x64.ActiveCfg = Debug|x64
		{F6B6C2B3-9162-412D-A20B-77354CF0D290}.Debug|x64.Build.0 = Debug|x64
		{F6B6C2B3-9162-412D-A20B-77354CF0D290}.Debug|x86.ActiveCfg = Debug|Win32
		{F6B6C2B3-9162-412D-A20B-77354CF0D290}.Debug|x86.Build.0 = Debug|Win32
		{F6B6C2B3-9162-412D-A20B-77354CF0D290}.Release|Any CPU.ActiveCfg = Release|x64
		{F6B6C2B3-9162-412D-A20B-77354CF0D290}.Release|Any CPU.Build.0 = Release|x64
		{F6B6C2B3-9162-412D-A20B-77354CF0D290}.Release|x64.ActiveCfg = Release|x64
		{F6B6C2B3-9162-412D-A20B-77354CF0D290}.Release|x64.Build.0 = Release|x64
		{F6B6C2B3-9162-412D-A20B-77354CF0D290}.Release|x86.ActiveCfg = Release|Win32
		{F6B6C2B3-9162-412D-A20B-77354CF0D290}.Release|x86.Build.0 = Release|Win32
		{511B1F9D-AD99-4896-B926-6EBB81AEC4B8}.Debug|Any CPU.ActiveCfg = Debug|x64
		{511B1F9D-AD99-4896-B926-6EBB81AEC4B8}.Debug|Any CPU.Build.0 = Debug|x64
		{511B1F9D-AD99-4896-B926-6EBB81AEC4B8}.Debug|x64.ActiveCfg = Debug|x64
		{511B1F9D-AD99-4896-B926-6EBB81AEC4B8}.Debug|x64.Build.0 = Debug|x64
		{511B1F9D-AD99-4896-B926-6EBB81AEC4B8}.Debug|x86.ActiveCfg = Debug|Win32
		{511B1F9D-AD99-4896-B926-6EBB81AEC4B8}.Debug|x86.Build.0 = Debug|Win32
		{511B1F9D-AD99-4896-B926-6EBB81AEC4B8}.Release|Any CPU.ActiveCfg = Release|x64
		{511B1F9D-AD99-4896-B926-6EBB81AEC4B8}.Release|Any CPU.Build.0 = Release|x64
		{511B1F9D-AD99-4896-B926-6EBB81AEC4B8}.Release|x64.ActiveCfg = Release|x64
		{511B1F9D-AD99-4896-B926-6EBB81AEC4B8}.Release|x64.Build.0 = Release|x64
		{511B1F9D-AD99-4896-B926-6EBB81AEC4B8}.Release|x86.ActiveCfg = Release|Win32
		{511B1F9D-AD99-4896-B926-6EBB81AEC4B8}.Release|x86.Build.0 = Release|Win32
		{A7CC7F24-8E77-420F-AFB6-41656E93024F}.Debug|Any CPU.ActiveCfg = Debug|Any CPU
		{A7CC7F24-8E77-420F-AFB6-41656E93024F}.Debug|Any CPU.Build.0 = Debug|Any CPU
		{A7CC7F24-8E77-420F-AFB6-41656E93024F}.Debug|x64.ActiveCfg = Debug|Any CPU
		{A7CC7F24-8E77-420F-AFB6-41656E93024F}.Debug|x64.Build.0 = Debug|Any CPU
		{A7CC7F24-8E77-420F-AFB6-41656E93024F}.Debug|x86.ActiveCfg = Debug|Any CPU
		{A7CC7F24-8E77-420F-AFB6-41656E93024F}.Debug|x86.Build.0 = Debug|Any CPU
		{A7CC7F24-8E77-420F-AFB6-41656E93024F}.Release|Any CPU.ActiveCfg = Release|Any CPU
		{A7CC7F24-8E77-420F-AFB6-41656E93024F}.Release|Any CPU.Build.0 = Release|Any CPU
		{A7CC7F24-8E77-420F-AFB6-41656E93024F}.Release|x64.ActiveCfg = Release|Any CPU
		{A7CC7F24-8E77-420F-AFB6-41656E93024F}.Release|x64.Build.0 = Release|Any CPU
		{A7CC7F24-8E77-420F-AFB6-41656E93024F}.Release|x86.ActiveCfg = Release|Any CPU
		{A7CC7F24-8E77-420F-AFB6-41656E93024F}.Release|x86.Build.0 = Release|Any CPU
		{ACDF8123-938A-40B4-ADFD-85E05BE55F4A}.Debug|Any CPU.ActiveCfg = Debug|Any CPU
		{ACDF8123-938A-40B4-ADFD-85E05BE55F4A}.Debug|Any CPU.Build.0 = Debug|Any CPU
		{ACDF8123-938A-40B4-ADFD-85E05BE55F4A}.Debug|x64.ActiveCfg = Debug|Any CPU
		{ACDF8123-938A-40B4-ADFD-85E05BE55F4A}.Debug|x64.Build.0 = Debug|Any CPU
		{ACDF8123-938A-40B4-ADFD-85E05BE55F4A}.Debug|x86.ActiveCfg = Debug|Any CPU
		{ACDF8123-938A-40B4-ADFD-85E05BE55F4A}.Debug|x86.Build.0 = Debug|Any CPU
		{ACDF8123-938A-40B4-ADFD-85E05BE55F4A}.Release|Any CPU.ActiveCfg = Release|Any CPU
		{ACDF8123-938A-40B4-ADFD-85E05BE55F4A}.Release|Any CPU.Build.0 = Release|Any CPU
		{ACDF8123-938A-40B4-ADFD-85E05BE55F4A}.Release|x64.ActiveCfg = Release|Any CPU
		{ACDF8123-938A-40B4-ADFD-85E05BE55F4A}.Release|x64.Build.0 = Release|Any CPU
		{ACDF8123-938A-40B4-ADFD-85E05BE55F4A}.Release|x86.ActiveCfg = Release|Any CPU
		{ACDF8123-938A-40B4-ADFD-85E05BE55F4A}.Release|x86.Build.0 = Release|Any CPU
		{6767792A-1E06-44E1-8A2A-399761D5EBC5}.Debug|Any CPU.ActiveCfg = Debug|Any CPU
		{6767792A-1E06-44E1-8A2A-399761D5EBC5}.Debug|Any CPU.Build.0 = Debug|Any CPU
		{6767792A-1E06-44E1-8A2A-399761D5EBC5}.Debug|x64.ActiveCfg = Debug|Any CPU
		{6767792A-1E06-44E1-8A2A-399761D5EBC5}.Debug|x64.Build.0 = Debug|Any CPU
		{6767792A-1E06-44E1-8A2A-399761D5EBC5}.Debug|x86.ActiveCfg = Debug|Any CPU
		{6767792A-1E06-44E1-8A2A-399761D5EBC5}.Debug|x86.Build.0 = Debug|Any CPU
		{6767792A-1E06-44E1-8A2A-399761D5EBC5}.Release|Any CPU.ActiveCfg = Release|Any CPU
		{6767792A-1E06-44E1-8A2A-399761D5EBC5}.Release|Any CPU.Build.0 = Release|Any CPU
		{6767792A-1E06-44E1-8A2A-399761D5EBC5}.Release|x64.ActiveCfg = Release|Any CPU
		{6767792A-1E06-44E1-8A2A-399761D5EBC5}.Release|x64.Build.0 = Release|Any CPU
		{6767792A-1E06-44E1-8A2A-399761D5EBC5}.Release|x86.ActiveCfg = Release|Any CPU
		{6767792A-1E06-44E1-8A2A-399761D5EBC5}.Release|x86.Build.0 = Release|Any CPU
		{A6B8A4E8-F4DF-47E2-866E-2B81BB6E2952}.Debug|Any CPU.ActiveCfg = Debug|Any CPU
		{A6B8A4E8-F4DF-47E2-866E-2B81BB6E2952}.Debug|Any CPU.Build.0 = Debug|Any CPU
		{A6B8A4E8-F4DF-47E2-866E-2B81BB6E2952}.Debug|x64.ActiveCfg = Debug|Any CPU
		{A6B8A4E8-F4DF-47E2-866E-2B81BB6E2952}.Debug|x64.Build.0 = Debug|Any CPU
		{A6B8A4E8-F4DF-47E2-866E-2B81BB6E2952}.Debug|x86.ActiveCfg = Debug|Any CPU
		{A6B8A4E8-F4DF-47E2-866E-2B81BB6E2952}.Debug|x86.Build.0 = Debug|Any CPU
		{A6B8A4E8-F4DF-47E2-866E-2B81BB6E2952}.Release|Any CPU.ActiveCfg = Release|Any CPU
		{A6B8A4E8-F4DF-47E2-866E-2B81BB6E2952}.Release|Any CPU.Build.0 = Release|Any CPU
		{A6B8A4E8-F4DF-47E2-866E-2B81BB6E2952}.Release|x64.ActiveCfg = Release|Any CPU
		{A6B8A4E8-F4DF-47E2-866E-2B81BB6E2952}.Release|x64.Build.0 = Release|Any CPU
		{A6B8A4E8-F4DF-47E2-866E-2B81BB6E2952}.Release|x86.ActiveCfg = Release|Any CPU
		{A6B8A4E8-F4DF-47E2-866E-2B81BB6E2952}.Release|x86.Build.0 = Release|Any CPU
	EndGlobalSection
	GlobalSection(SolutionProperties) = preSolution
		HideSolutionNode = FALSE
	EndGlobalSection
	GlobalSection(ExtensibilityGlobals) = postSolution
		SolutionGuid = {DCE74B67-494D-47E5-9963-7B0049BB4E6E}
	EndGlobalSection
EndGlobal
